
Microsoft Visual Studio Solution File, Format Version 12.00
# Visual Studio Version 16
VisualStudioVersion = 16.0.31025.194
MinimumVisualStudioVersion = 10.0.40219.1
Project("{FAE04EC0-301F-11D3-BF4B-00C04F79EFBC}") = "Menu_operaciones", "Menu_operaciones\Menu_operaciones.csproj", "{33012F8F-8C68-44C8-988B-2AA0300E3F4B}"
EndProject
Global
	GlobalSection(SolutionConfigurationPlatforms) = preSolution
		Debug|Any CPU = Debug|Any CPU
		Release|Any CPU = Release|Any CPU
	EndGlobalSection
	GlobalSection(ProjectConfigurationPlatforms) = postSolution
		{33012F8F-8C68-44C8-988B-2AA0300E3F4B}.Debug|Any CPU.ActiveCfg = Debug|Any CPU
		{33012F8F-8C68-44C8-988B-2AA0300E3F4B}.Debug|Any CPU.Build.0 = Debug|Any CPU
		{33012F8F-8C68-44C8-988B-2AA0300E3F4B}.Release|Any CPU.ActiveCfg = Release|Any CPU
		{33012F8F-8C68-44C8-988B-2AA0300E3F4B}.Release|Any CPU.Build.0 = Release|Any CPU
	EndGlobalSection
	GlobalSection(SolutionProperties) = preSolution
		HideSolutionNode = FALSE
	EndGlobalSection
	GlobalSection(ExtensibilityGlobals) = postSolution
		SolutionGuid = {1AB1F5C5-5907-4AFD-BA01-3CF1FEDFB517}
	EndGlobalSection
EndGlobal
